
Microsoft Visual Studio Solution File, Format Version 12.00
# Visual Studio Version 17
VisualStudioVersion = 17.9.34622.214
MinimumVisualStudioVersion = 10.0.40219.1
Project("{FAE04EC0-301F-11D3-BF4B-00C04F79EFBC}") = "Task4_23", "Task4_23.csproj", "{4FA7F740-9A8F-4D52-AE76-81CF37B7A923}"
EndProject
Global
	GlobalSection(SolutionConfigurationPlatforms) = preSolution
		Debug|Any CPU = Debug|Any CPU
		Release|Any CPU = Release|Any CPU
	EndGlobalSection
	GlobalSection(ProjectConfigurationPlatforms) = postSolution
		{4FA7F740-9A8F-4D52-AE76-81CF37B7A923}.Debug|Any CPU.ActiveCfg = Debug|Any CPU
		{4FA7F740-9A8F-4D52-AE76-81CF37B7A923}.Debug|Any CPU.Build.0 = Debug|Any CPU
		{4FA7F740-9A8F-4D52-AE76-81CF37B7A923}.Release|Any CPU.ActiveCfg = Release|Any CPU
		{4FA7F740-9A8F-4D52-AE76-81CF37B7A923}.Release|Any CPU.Build.0 = Release|Any CPU
	EndGlobalSection
	GlobalSection(SolutionProperties) = preSolution
		HideSolutionNode = FALSE
	EndGlobalSection
	GlobalSection(ExtensibilityGlobals) = postSolution
		SolutionGuid = {DADFE669-15B2-43BC-AA42-0AA384A60F05}
	EndGlobalSection
EndGlobal
