
Microsoft Visual Studio Solution File, Format Version 12.00
# Visual Studio Version 17
VisualStudioVersion = 17.9.34622.214
MinimumVisualStudioVersion = 10.0.40219.1
Project("{FAE04EC0-301F-11D3-BF4B-00C04F79EFBC}") = "Task2_3", "Task2_3.csproj", "{A1067F80-6A71-46E4-BE35-CA06E06E04EC}"
EndProject
Global
	GlobalSection(SolutionConfigurationPlatforms) = preSolution
		Debug|Any CPU = Debug|Any CPU
		Release|Any CPU = Release|Any CPU
	EndGlobalSection
	GlobalSection(ProjectConfigurationPlatforms) = postSolution
		{A1067F80-6A71-46E4-BE35-CA06E06E04EC}.Debug|Any CPU.ActiveCfg = Debug|Any CPU
		{A1067F80-6A71-46E4-BE35-CA06E06E04EC}.Debug|Any CPU.Build.0 = Debug|Any CPU
		{A1067F80-6A71-46E4-BE35-CA06E06E04EC}.Release|Any CPU.ActiveCfg = Release|Any CPU
		{A1067F80-6A71-46E4-BE35-CA06E06E04EC}.Release|Any CPU.Build.0 = Release|Any CPU
	EndGlobalSection
	GlobalSection(SolutionProperties) = preSolution
		HideSolutionNode = FALSE
	EndGlobalSection
	GlobalSection(ExtensibilityGlobals) = postSolution
		SolutionGuid = {D33DA741-F452-498D-9C63-E6C142117ABC}
	EndGlobalSection
EndGlobal
