
Microsoft Visual Studio Solution File, Format Version 12.00
# Visual Studio Version 17
VisualStudioVersion = 17.9.34622.214
MinimumVisualStudioVersion = 10.0.40219.1
Project("{FAE04EC0-301F-11D3-BF4B-00C04F79EFBC}") = "Task3_23", "Task3_23.csproj", "{C8136178-C6FD-4E74-BD7B-6A7B01B76365}"
EndProject
Global
	GlobalSection(SolutionConfigurationPlatforms) = preSolution
		Debug|Any CPU = Debug|Any CPU
		Release|Any CPU = Release|Any CPU
	EndGlobalSection
	GlobalSection(ProjectConfigurationPlatforms) = postSolution
		{C8136178-C6FD-4E74-BD7B-6A7B01B76365}.Debug|Any CPU.ActiveCfg = Debug|Any CPU
		{C8136178-C6FD-4E74-BD7B-6A7B01B76365}.Debug|Any CPU.Build.0 = Debug|Any CPU
		{C8136178-C6FD-4E74-BD7B-6A7B01B76365}.Release|Any CPU.ActiveCfg = Release|Any CPU
		{C8136178-C6FD-4E74-BD7B-6A7B01B76365}.Release|Any CPU.Build.0 = Release|Any CPU
	EndGlobalSection
	GlobalSection(SolutionProperties) = preSolution
		HideSolutionNode = FALSE
	EndGlobalSection
	GlobalSection(ExtensibilityGlobals) = postSolution
		SolutionGuid = {E37AD6BE-FE6E-4007-9EEE-2402F8AFB4A9}
	EndGlobalSection
EndGlobal
