
Microsoft Visual Studio Solution File, Format Version 12.00
# Visual Studio Version 17
VisualStudioVersion = 17.9.34622.214
MinimumVisualStudioVersion = 10.0.40219.1
Project("{FAE04EC0-301F-11D3-BF4B-00C04F79EFBC}") = "Task2_23", "Task2_23.csproj", "{DF13A519-84C6-46F7-B129-12C2E0A2BE3A}"
EndProject
Global
	GlobalSection(SolutionConfigurationPlatforms) = preSolution
		Debug|Any CPU = Debug|Any CPU
		Release|Any CPU = Release|Any CPU
	EndGlobalSection
	GlobalSection(ProjectConfigurationPlatforms) = postSolution
		{DF13A519-84C6-46F7-B129-12C2E0A2BE3A}.Debug|Any CPU.ActiveCfg = Debug|Any CPU
		{DF13A519-84C6-46F7-B129-12C2E0A2BE3A}.Debug|Any CPU.Build.0 = Debug|Any CPU
		{DF13A519-84C6-46F7-B129-12C2E0A2BE3A}.Release|Any CPU.ActiveCfg = Release|Any CPU
		{DF13A519-84C6-46F7-B129-12C2E0A2BE3A}.Release|Any CPU.Build.0 = Release|Any CPU
	EndGlobalSection
	GlobalSection(SolutionProperties) = preSolution
		HideSolutionNode = FALSE
	EndGlobalSection
	GlobalSection(ExtensibilityGlobals) = postSolution
		SolutionGuid = {590F5086-B5BD-4FD7-810A-88ED37D08207}
	EndGlobalSection
EndGlobal
